
Microsoft Visual Studio Solution File, Format Version 12.00
# Visual Studio Version 17
VisualStudioVersion = 17.0.31919.166
MinimumVisualStudioVersion = 10.0.40219.1
Project("{FAE04EC0-301F-11D3-BF4B-00C04F79EFBC}") = "Calculadora", "Calculadora\Calculadora.csproj", "{F6083EC8-04B7-40F1-B2E8-DF65F4E9620F}"
EndProject
Global
	GlobalSection(SolutionConfigurationPlatforms) = preSolution
		Debug|Any CPU = Debug|Any CPU
		Release|Any CPU = Release|Any CPU
	EndGlobalSection
	GlobalSection(ProjectConfigurationPlatforms) = postSolution
		{F6083EC8-04B7-40F1-B2E8-DF65F4E9620F}.Debug|Any CPU.ActiveCfg = Debug|Any CPU
		{F6083EC8-04B7-40F1-B2E8-DF65F4E9620F}.Debug|Any CPU.Build.0 = Debug|Any CPU
		{F6083EC8-04B7-40F1-B2E8-DF65F4E9620F}.Release|Any CPU.ActiveCfg = Release|Any CPU
		{F6083EC8-04B7-40F1-B2E8-DF65F4E9620F}.Release|Any CPU.Build.0 = Release|Any CPU
	EndGlobalSection
	GlobalSection(SolutionProperties) = preSolution
		HideSolutionNode = FALSE
	EndGlobalSection
	GlobalSection(ExtensibilityGlobals) = postSolution
		SolutionGuid = {D5C49C8C-B616-4951-831A-D858F13B0DAC}
	EndGlobalSection
EndGlobal
